// !$*UTF8*$!
{
	archiveVersion = 1;
	classes = {
	};
	objectVersion = 50;
	objects = {

/* Begin PBXBuildFile section */
		CD630FA92402B56D00E15473 /* ChallengeTableViewController.swift in Sources */ = {isa = PBXBuildFile; fileRef = CD630FA82402B56D00E15473 /* ChallengeTableViewController.swift */; };
		CD630FAB2402BCA900E15473 /* MenuViewController.swift in Sources */ = {isa = PBXBuildFile; fileRef = CD630FAA2402BCA900E15473 /* MenuViewController.swift */; };
		CD98859324027E1A0084E72C /* AppDelegate.swift in Sources */ = {isa = PBXBuildFile; fileRef = CD98859224027E1A0084E72C /* AppDelegate.swift */; };
		CD98859524027E1A0084E72C /* SceneDelegate.swift in Sources */ = {isa = PBXBuildFile; fileRef = CD98859424027E1A0084E72C /* SceneDelegate.swift */; };
		CD98859724027E1A0084E72C /* ViewController.swift in Sources */ = {isa = PBXBuildFile; fileRef = CD98859624027E1A0084E72C /* ViewController.swift */; };
		CD98859A24027E1A0084E72C /* Main.storyboard in Resources */ = {isa = PBXBuildFile; fileRef = CD98859824027E1A0084E72C /* Main.storyboard */; };
		CD98859C24027E220084E72C /* Assets.xcassets in Resources */ = {isa = PBXBuildFile; fileRef = CD98859B24027E220084E72C /* Assets.xcassets */; };
		CD98859F24027E220084E72C /* LaunchScreen.storyboard in Resources */ = {isa = PBXBuildFile; fileRef = CD98859D24027E220084E72C /* LaunchScreen.storyboard */; };
/* End PBXBuildFile section */

/* Begin PBXFileReference section */
		CD630FA82402B56D00E15473 /* ChallengeTableViewController.swift */ = {isa = PBXFileReference; lastKnownFileType = sourcecode.swift; path = ChallengeTableViewController.swift; sourceTree = "<group>"; };
		CD630FAA2402BCA900E15473 /* MenuViewController.swift */ = {isa = PBXFileReference; lastKnownFileType = sourcecode.swift; path = MenuViewController.swift; sourceTree = "<group>"; };
		CD98858F24027E1A0084E72C /* AutoPilotApp.app */ = {isa = PBXFileReference; explicitFileType = wrapper.application; includeInIndex = 0; path = AutoPilotApp.app; sourceTree = BUILT_PRODUCTS_DIR; };
		CD98859224027E1A0084E72C /* AppDelegate.swift */ = {isa = PBXFileReference; lastKnownFileType = sourcecode.swift; path = AppDelegate.swift; sourceTree = "<group>"; };
		CD98859424027E1A0084E72C /* SceneDelegate.swift */ = {isa = PBXFileReference; lastKnownFileType = sourcecode.swift; path = SceneDelegate.swift; sourceTree = "<group>"; };
		CD98859624027E1A0084E72C /* ViewController.swift */ = {isa = PBXFileReference; lastKnownFileType = sourcecode.swift; path = ViewController.swift; sourceTree = "<group>"; };
		CD98859924027E1A0084E72C /* Base */ = {isa = PBXFileReference; lastKnownFileType = file.storyboard; name = Base; path = Base.lproj/Main.storyboard; sourceTree = "<group>"; };
		CD98859B24027E220084E72C /* Assets.xcassets */ = {isa = PBXFileReference; lastKnownFileType = folder.assetcatalog; path = Assets.xcassets; sourceTree = "<group>"; };
		CD98859E24027E220084E72C /* Base */ = {isa = PBXFileReference; lastKnownFileType = file.storyboard; name = Base; path = Base.lproj/LaunchScreen.storyboard; sourceTree = "<group>"; };
		CD9885A024027E220084E72C /* Info.plist */ = {isa = PBXFileReference; lastKnownFileType = text.plist.xml; path = Info.plist; sourceTree = "<group>"; };
/* End PBXFileReference section */

/* Begin PBXFrameworksBuildPhase section */
		CD98858C24027E1A0084E72C /* Frameworks */ = {
			isa = PBXFrameworksBuildPhase;
			buildActionMask = 2147483647;
			files = (
			);
			runOnlyForDeploymentPostprocessing = 0;
		};
/* End PBXFrameworksBuildPhase section */

/* Begin PBXGroup section */
		CD98858624027E1A0084E72C = {
			isa = PBXGroup;
			children = (
				CD98859124027E1A0084E72C /* AutoPilotApp */,
				CD98859024027E1A0084E72C /* Products */,
			);
			sourceTree = "<group>";
		};
		CD98859024027E1A0084E72C /* Products */ = {
			isa = PBXGroup;
			children = (
				CD98858F24027E1A0084E72C /* AutoPilotApp.app */,
			);
			name = Products;
			sourceTree = "<group>";
		};
		CD98859124027E1A0084E72C /* AutoPilotApp */ = {
			isa = PBXGroup;
			children = (
				CD98859224027E1A0084E72C /* AppDelegate.swift */,
				CD98859424027E1A0084E72C /* SceneDelegate.swift */,
				CD98859624027E1A0084E72C /* ViewController.swift */,
				CD630FA82402B56D00E15473 /* ChallengeTableViewController.swift */,
				CD98859824027E1A0084E72C /* Main.storyboard */,
				CD630FAA2402BCA900E15473 /* MenuViewController.swift */,
				CD98859B24027E220084E72C /* Assets.xcassets */,
				CD98859D24027E220084E72C /* LaunchScreen.storyboard */,
				CD9885A024027E220084E72C /* Info.plist */,
			);
			path = AutoPilotApp;
			sourceTree = "<group>";
		};
/* End PBXGroup section */

/* Begin PBXNativeTarget section */
		CD98858E24027E1A0084E72C /* AutoPilotApp */ = {
			isa = PBXNativeTarget;
			buildConfigurationList = CD9885A324027E220084E72C /* Build configuration list for PBXNativeTarget "AutoPilotApp" */;
			buildPhases = (
				CD98858B24027E1A0084E72C /* Sources */,
				CD98858C24027E1A0084E72C /* Frameworks */,
				CD98858D24027E1A0084E72C /* Resources */,
			);
			buildRules = (
			);
			dependencies = (
			);
			name = AutoPilotApp;
			productName = AutoPilotApp;
			productReference = CD98858F24027E1A0084E72C /* AutoPilotApp.app */;
			productType = "com.apple.product-type.application";
		};
/* End PBXNativeTarget section */

/* Begin PBXProject section */
		CD98858724027E1A0084E72C /* Project object */ = {
			isa = PBXProject;
			attributes = {
				LastSwiftUpdateCheck = 1120;
				LastUpgradeCheck = 1120;
				ORGANIZATIONNAME = eric;
				TargetAttributes = {
					CD98858E24027E1A0084E72C = {
						CreatedOnToolsVersion = 11.2;
					};
				};
			};
			buildConfigurationList = CD98858A24027E1A0084E72C /* Build configuration list for PBXProject "AutoPilotApp" */;
			compatibilityVersion = "Xcode 9.3";
			developmentRegion = en;
			hasScannedForEncodings = 0;
			knownRegions = (
				en,
				Base,
			);
			mainGroup = CD98858624027E1A0084E72C;
			productRefGroup = CD98859024027E1A0084E72C /* Products */;
			projectDirPath = "";
			projectRoot = "";
			targets = (
				CD98858E24027E1A0084E72C /* AutoPilotApp */,
			);
		};
/* End PBXProject section */

/* Begin PBXResourcesBuildPhase section */
		CD98858D24027E1A0084E72C /* Resources */ = {
			isa = PBXResourcesBuildPhase;
			buildActionMask = 2147483647;
			files = (
				CD98859F24027E220084E72C /* LaunchScreen.storyboard in Resources */,
				CD98859C24027E220084E72C /* Assets.xcassets in Resources */,
				CD98859A24027E1A0084E72C /* Main.storyboard in Resources */,
			);
			runOnlyForDeploymentPostprocessing = 0;
		};
/* End PBXResourcesBuildPhase section */

/* Begin PBXSourcesBuildPhase section */
		CD98858B24027E1A0084E72C /* Sources */ = {
			isa = PBXSourcesBuildPhase;
			buildActionMask = 2147483647;
			files = (
				CD98859724027E1A0084E72C /* ViewController.swift in Sources */,
				CD630FAB2402BCA900E15473 /* MenuViewController.swift in Sources */,
				CD98859324027E1A0084E72C /* AppDelegate.swift in Sources */,
				CD98859524027E1A0084E72C /* SceneDelegate.swift in Sources */,
				CD630FA92402B56D00E15473 /* ChallengeTableViewController.swift in Sources */,
			);
			runOnlyForDeploymentPostprocessing = 0;
		};
/* End PBXSourcesBuildPhase section */

/* Begin PBXVariantGroup section */
		CD98859824027E1A0084E72C /* Main.storyboard */ = {
			isa = PBXVariantGroup;
			children = (
				CD98859924027E1A0084E72C /* Base */,
			);
			name = Main.storyboard;
			sourceTree = "<group>";
		};
		CD98859D24027E220084E72C /* LaunchScreen.storyboard */ = {
			isa = PBXVariantGroup;
			children = (
				CD98859E24027E220084E72C /* Base */,
			);
			name = LaunchScreen.storyboard;
			sourceTree = "<group>";
		};
/* End PBXVariantGroup section */

/* Begin XCBuildConfiguration section */
		CD9885A124027E220084E72C /* Debug */ = {
			isa = XCBuildConfiguration;
			buildSettings = {
				ALWAYS_SEARCH_USER_PATHS = NO;
				CLANG_ANALYZER_NONNULL = YES;
				CLANG_ANALYZER_NUMBER_OBJECT_CONVERSION = YES_AGGRESSIVE;
				CLANG_CXX_LANGUAGE_STANDARD = "gnu++14";
				CLANG_CXX_LIBRARY = "libc++";
				CLANG_ENABLE_MODULES = YES;
				CLANG_ENABLE_OBJC_ARC = YES;
				CLANG_ENABLE_OBJC_WEAK = YES;
				CLANG_WARN_BLOCK_CAPTURE_AUTORELEASING = YES;
				CLANG_WARN_BOOL_CONVERSION = YES;
				CLANG_WARN_COMMA = YES;
				CLANG_WARN_CONSTANT_CONVERSION = YES;
				CLANG_WARN_DEPRECATED_OBJC_IMPLEMENTATIONS = YES;
				CLANG_WARN_DIRECT_OBJC_ISA_USAGE = YES_ERROR;
				CLANG_WARN_DOCUMENTATION_COMMENTS = YES;
				CLANG_WARN_EMPTY_BODY = YES;
				CLANG_WARN_ENUM_CONVERSION = YES;
				CLANG_WARN_INFINITE_RECURSION = YES;
				CLANG_WARN_INT_CONVERSION = YES;
				CLANG_WARN_NON_LITERAL_NULL_CONVERSION = YES;
				CLANG_WARN_OBJC_IMPLICIT_RETAIN_SELF = YES;
				CLANG_WARN_OBJC_LITERAL_CONVERSION = YES;
				CLANG_WARN_OBJC_ROOT_CLASS = YES_ERROR;
				CLANG_WARN_RANGE_LOOP_ANALYSIS = YES;
				CLANG_WARN_STRICT_PROTOTYPES = YES;
				CLANG_WARN_SUSPICIOUS_MOVE = YES;
				CLANG_WARN_UNGUARDED_AVAILABILITY = YES_AGGRESSIVE;
				CLANG_WARN_UNREACHABLE_CODE = YES;
				CLANG_WARN__DUPLICATE_METHOD_MATCH = YES;
				COPY_PHASE_STRIP = NO;
				DEBUG_INFORMATION_FORMAT = dwarf;
				ENABLE_STRICT_OBJC_MSGSEND = YES;
				ENABLE_TESTABILITY = YES;
				GCC_C_LANGUAGE_STANDARD = gnu11;
				GCC_DYNAMIC_NO_PIC = NO;
				GCC_NO_COMMON_BLOCKS = YES;
				GCC_OPTIMIZATION_LEVEL = 0;
				GCC_PREPROCESSOR_DEFINITIONS = (
					"DEBUG=1",
					"$(inherited)",
				);
				GCC_WARN_64_TO_32_BIT_CONVERSION = YES;
				GCC_WARN_ABOUT_RETURN_TYPE = YES_ERROR;
				GCC_WARN_UNDECLARED_SELECTOR = YES;
				GCC_WARN_UNINITIALIZED_AUTOS = YES_AGGRESSIVE;
				GCC_WARN_UNUSED_FUNCTION = YES;
				GCC_WARN_UNUSED_VARIABLE = YES;
				IPHONEOS_DEPLOYMENT_TARGET = 13.2;
				MTL_ENABLE_DEBUG_INFO = INCLUDE_SOURCE;
				MTL_FAST_MATH = YES;
				ONLY_ACTIVE_ARCH = YES;
				SDKROOT = iphoneos;
				SWIFT_ACTIVE_COMPILATION_CONDITIONS = DEBUG;
				SWIFT_OPTIMIZATION_LEVEL = "-Onone";
			};
			name = Debug;
		};
		CD9885A224027E220084E72C /* Release */ = {
			isa = XCBuildConfiguration;
			buildSettings = {
				ALWAYS_SEARCH_USER_PATHS = NO;
				CLANG_ANALYZER_NONNULL = YES;
				CLANG_ANALYZER_NUMBER_OBJECT_CONVERSION = YES_AGGRESSIVE;
				CLANG_CXX_LANGUAGE_STANDARD = "gnu++14";
				CLANG_CXX_LIBRARY = "libc++";
				CLANG_ENABLE_MODULES = YES;
				CLANG_ENABLE_OBJC_ARC = YES;
				CLANG_ENABLE_OBJC_WEAK = YES;
				CLANG_WARN_BLOCK_CAPTURE_AUTORELEASING = YES;
				CLANG_WARN_BOOL_CONVERSION = YES;
				CLANG_WARN_COMMA = YES;
				CLANG_WARN_CONSTANT_CONVERSION = YES;
				CLANG_WARN_DEPRECATED_OBJC_IMPLEMENTATIONS = YES;
				CLANG_WARN_DIRECT_OBJC_ISA_USAGE = YES_ERROR;
				CLANG_WARN_DOCUMENTATION_COMMENTS = YES;
				CLANG_WARN_EMPTY_BODY = YES;
				CLANG_WARN_ENUM_CONVERSION = YES;
				CLANG_WARN_INFINITE_RECURSION = YES;
				CLANG_WARN_INT_CONVERSION = YES;
				CLANG_WARN_NON_LITERAL_NULL_CONVERSION = YES;
				CLANG_WARN_OBJC_IMPLICIT_RETAIN_SELF = YES;
				CLANG_WARN_OBJC_LITERAL_CONVERSION = YES;
				CLANG_WARN_OBJC_ROOT_CLASS = YES_ERROR;
				CLANG_WARN_RANGE_LOOP_ANALYSIS = YES;
				CLANG_WARN_STRICT_PROTOTYPES = YES;
				CLANG_WARN_SUSPICIOUS_MOVE = YES;
				CLANG_WARN_UNGUARDED_AVAILABILITY = YES_AGGRESSIVE;
				CLANG_WARN_UNREACHABLE_CODE = YES;
				CLANG_WARN__DUPLICATE_METHOD_MATCH = YES;
				COPY_PHASE_STRIP = NO;
				DEBUG_INFORMATION_FORMAT = "dwarf-with-dsym";
				ENABLE_NS_ASSERTIONS = NO;
				ENABLE_STRICT_OBJC_MSGSEND = YES;
				GCC_C_LANGUAGE_STANDARD = gnu11;
				GCC_NO_COMMON_BLOCKS = YES;
				GCC_WARN_64_TO_32_BIT_CONVERSION = YES;
				GCC_WARN_ABOUT_RETURN_TYPE = YES_ERROR;
				GCC_WARN_UNDECLARED_SELECTOR = YES;
				GCC_WARN_UNINITIALIZED_AUTOS = YES_AGGRESSIVE;
				GCC_WARN_UNUSED_FUNCTION = YES;
				GCC_WARN_UNUSED_VARIABLE = YES;
				IPHONEOS_DEPLOYMENT_TARGET = 13.2;
				MTL_ENABLE_DEBUG_INFO = NO;
				MTL_FAST_MATH = YES;
				SDKROOT = iphoneos;
				SWIFT_COMPILATION_MODE = wholemodule;
				SWIFT_OPTIMIZATION_LEVEL = "-O";
				VALIDATE_PRODUCT = YES;
			};
			name = Release;
		};
		CD9885A424027E220084E72C /* Debug */ = {
			isa = XCBuildConfiguration;
			buildSettings = {
				ASSETCATALOG_COMPILER_APPICON_NAME = AppIcon;
				CODE_SIGN_STYLE = Automatic;
				DEVELOPMENT_TEAM = 2T5HW7DTUA;
				INFOPLIST_FILE = AutoPilotApp/Info.plist;
				LD_RUNPATH_SEARCH_PATHS = (
					"$(inherited)",
					"@executable_path/Frameworks",
				);
				PRODUCT_BUNDLE_IDENTIFIER = co.AutoPilotApp;
				PRODUCT_NAME = "$(TARGET_NAME)";
				SWIFT_VERSION = 5.0;
				TARGETED_DEVICE_FAMILY = "1,2";
			};
			name = Debug;
		};
		CD9885A524027E220084E72C /* Release */ = {
			isa = XCBuildConfiguration;
			buildSettings = {
				ASSETCATALOG_COMPILER_APPICON_NAME = AppIcon;
				CODE_SIGN_STYLE = Automatic;
				DEVELOPMENT_TEAM = 2T5HW7DTUA;
				INFOPLIST_FILE = AutoPilotApp/Info.plist;
				LD_RUNPATH_SEARCH_PATHS = (
					"$(inherited)",
					"@executable_path/Frameworks",
				);
				PRODUCT_BUNDLE_IDENTIFIER = co.AutoPilotApp;
				PRODUCT_NAME = "$(TARGET_NAME)";
				SWIFT_VERSION = 5.0;
				TARGETED_DEVICE_FAMILY = "1,2";
			};
			name = Release;
		};
/* End XCBuildConfiguration section */

/* Begin XCConfigurationList section */
		CD98858A24027E1A0084E72C /* Build configuration list for PBXProject "AutoPilotApp" */ = {
			isa = XCConfigurationList;
			buildConfigurations = (
				CD9885A124027E220084E72C /* Debug */,
				CD9885A224027E220084E72C /* Release */,
			);
			defaultConfigurationIsVisible = 0;
			defaultConfigurationName = Release;
		};
		CD9885A324027E220084E72C /* Build configuration list for PBXNativeTarget "AutoPilotApp" */ = {
			isa = XCConfigurationList;
			buildConfigurations = (
				CD9885A424027E220084E72C /* Debug */,
				CD9885A524027E220084E72C /* Release */,
			);
			defaultConfigurationIsVisible = 0;
			defaultConfigurationName = Release;
		};
/* End XCConfigurationList section */
	};
	rootObject = CD98858724027E1A0084E72C /* Project object */;
}
